// !$*UTF8*$!
{
	archiveVersion = 1;
	classes = {
	};
	objectVersion = 56;
	objects = {

/* Begin PBXBuildFile section */
		40F4CE0B2C3CEAD4001557C7 /* AppDelegate.swift in Sources */ = {isa = PBXBuildFile; fileRef = 40F4CE0A2C3CEAD4001557C7 /* AppDelegate.swift */; };
		40F4CE0D2C3CEAD4001557C7 /* SceneDelegate.swift in Sources */ = {isa = PBXBuildFile; fileRef = 40F4CE0C2C3CEAD4001557C7 /* SceneDelegate.swift */; };
		40F4CE0F2C3CEAD4001557C7 /* ViewController.swift in Sources */ = {isa = PBXBuildFile; fileRef = 40F4CE0E2C3CEAD4001557C7 /* ViewController.swift */; };
		40F4CE122C3CEAD4001557C7 /* Base in Resources */ = {isa = PBXBuildFile; fileRef = 40F4CE112C3CEAD4001557C7 /* Base */; };
		40F4CE142C3CEAD7001557C7 /* Assets.xcassets in Resources */ = {isa = PBXBuildFile; fileRef = 40F4CE132C3CEAD7001557C7 /* Assets.xcassets */; };
		40F4CE172C3CEAD7001557C7 /* Base in Resources */ = {isa = PBXBuildFile; fileRef = 40F4CE162C3CEAD7001557C7 /* Base */; };
		40F4CE2B2C3F0599001557C7 /* PillsViewController.swift in Sources */ = {isa = PBXBuildFile; fileRef = 40F4CE2A2C3F0599001557C7 /* PillsViewController.swift */; };
		40F4CE2D2C3F0616001557C7 /* PillsProvider.swift in Sources */ = {isa = PBXBuildFile; fileRef = 40F4CE2C2C3F0616001557C7 /* PillsProvider.swift */; };
		40F4CE2F2C3F0621001557C7 /* Pill.swift in Sources */ = {isa = PBXBuildFile; fileRef = 40F4CE2E2C3F0621001557C7 /* Pill.swift */; };
		40F4CE342C3F0A00001557C7 /* PillsGrid.swift in Sources */ = {isa = PBXBuildFile; fileRef = 40F4CE332C3F0A00001557C7 /* PillsGrid.swift */; };
		40F4CE362C3F0A2E001557C7 /* Grid.swift in Sources */ = {isa = PBXBuildFile; fileRef = 40F4CE352C3F0A2E001557C7 /* Grid.swift */; };
		40F4CE382C45D7FF001557C7 /* Provider.swift in Sources */ = {isa = PBXBuildFile; fileRef = 40F4CE372C45D7FF001557C7 /* Provider.swift */; };
		40F4CE3B2C45F1C5001557C7 /* UIImageView+Extensions.swift in Sources */ = {isa = PBXBuildFile; fileRef = 40F4CE3A2C45F1C5001557C7 /* UIImageView+Extensions.swift */; };
		40F4CE3E2C47A0E1001557C7 /* AddViewController.swift in Sources */ = {isa = PBXBuildFile; fileRef = 40F4CE3D2C47A0E1001557C7 /* AddViewController.swift */; };
/* End PBXBuildFile section */

/* Begin PBXFileReference section */
		40F4CE072C3CEAD4001557C7 /* Moodl.app */ = {isa = PBXFileReference; explicitFileType = wrapper.application; includeInIndex = 0; path = Moodl.app; sourceTree = BUILT_PRODUCTS_DIR; };
		40F4CE0A2C3CEAD4001557C7 /* AppDelegate.swift */ = {isa = PBXFileReference; lastKnownFileType = sourcecode.swift; path = AppDelegate.swift; sourceTree = "<group>"; };
		40F4CE0C2C3CEAD4001557C7 /* SceneDelegate.swift */ = {isa = PBXFileReference; lastKnownFileType = sourcecode.swift; path = SceneDelegate.swift; sourceTree = "<group>"; };
		40F4CE0E2C3CEAD4001557C7 /* ViewController.swift */ = {isa = PBXFileReference; lastKnownFileType = sourcecode.swift; path = ViewController.swift; sourceTree = "<group>"; };
		40F4CE112C3CEAD4001557C7 /* Base */ = {isa = PBXFileReference; lastKnownFileType = file.storyboard; name = Base; path = Base.lproj/Main.storyboard; sourceTree = "<group>"; };
		40F4CE132C3CEAD7001557C7 /* Assets.xcassets */ = {isa = PBXFileReference; lastKnownFileType = folder.assetcatalog; path = Assets.xcassets; sourceTree = "<group>"; };
		40F4CE162C3CEAD7001557C7 /* Base */ = {isa = PBXFileReference; lastKnownFileType = file.storyboard; name = Base; path = Base.lproj/LaunchScreen.storyboard; sourceTree = "<group>"; };
		40F4CE182C3CEAD7001557C7 /* Info.plist */ = {isa = PBXFileReference; lastKnownFileType = text.plist.xml; path = Info.plist; sourceTree = "<group>"; };
		40F4CE2A2C3F0599001557C7 /* PillsViewController.swift */ = {isa = PBXFileReference; lastKnownFileType = sourcecode.swift; path = PillsViewController.swift; sourceTree = "<group>"; };
		40F4CE2C2C3F0616001557C7 /* PillsProvider.swift */ = {isa = PBXFileReference; lastKnownFileType = sourcecode.swift; path = PillsProvider.swift; sourceTree = "<group>"; };
		40F4CE2E2C3F0621001557C7 /* Pill.swift */ = {isa = PBXFileReference; lastKnownFileType = sourcecode.swift; path = Pill.swift; sourceTree = "<group>"; };
		40F4CE332C3F0A00001557C7 /* PillsGrid.swift */ = {isa = PBXFileReference; lastKnownFileType = sourcecode.swift; path = PillsGrid.swift; sourceTree = "<group>"; };
		40F4CE352C3F0A2E001557C7 /* Grid.swift */ = {isa = PBXFileReference; lastKnownFileType = sourcecode.swift; path = Grid.swift; sourceTree = "<group>"; };
		40F4CE372C45D7FF001557C7 /* Provider.swift */ = {isa = PBXFileReference; lastKnownFileType = sourcecode.swift; path = Provider.swift; sourceTree = "<group>"; };
		40F4CE3A2C45F1C5001557C7 /* UIImageView+Extensions.swift */ = {isa = PBXFileReference; lastKnownFileType = sourcecode.swift; path = "UIImageView+Extensions.swift"; sourceTree = "<group>"; };
		40F4CE3D2C47A0E1001557C7 /* AddViewController.swift */ = {isa = PBXFileReference; lastKnownFileType = sourcecode.swift; path = AddViewController.swift; sourceTree = "<group>"; };
/* End PBXFileReference section */

/* Begin PBXFrameworksBuildPhase section */
		40F4CE042C3CEAD4001557C7 /* Frameworks */ = {
			isa = PBXFrameworksBuildPhase;
			buildActionMask = 2147483647;
			files = (
			);
			runOnlyForDeploymentPostprocessing = 0;
		};
/* End PBXFrameworksBuildPhase section */

/* Begin PBXGroup section */
		40F4CDFE2C3CEAD4001557C7 = {
			isa = PBXGroup;
			children = (
				40F4CE092C3CEAD4001557C7 /* Moodl */,
				40F4CE082C3CEAD4001557C7 /* Products */,
			);
			sourceTree = "<group>";
		};
		40F4CE082C3CEAD4001557C7 /* Products */ = {
			isa = PBXGroup;
			children = (
				40F4CE072C3CEAD4001557C7 /* Moodl.app */,
			);
			name = Products;
			sourceTree = "<group>";
		};
		40F4CE092C3CEAD4001557C7 /* Moodl */ = {
			isa = PBXGroup;
			children = (
				40F4CE392C45F19C001557C7 /* Interface */,
				40F4CE272C3CECAB001557C7 /* Network */,
				40F4CE242C3CEC35001557C7 /* Controllers */,
				40F4CE262C3CEC54001557C7 /* Views */,
				40F4CE1E2C3CEB9A001557C7 /* Resources */,
				40F4CE182C3CEAD7001557C7 /* Info.plist */,
			);
			path = Moodl;
			sourceTree = "<group>";
		};
		40F4CE1E2C3CEB9A001557C7 /* Resources */ = {
			isa = PBXGroup;
			children = (
				40F4CE1F2C3CEBB0001557C7 /* App */,
				40F4CE212C3CEBD9001557C7 /* Interface */,
			);
			path = Resources;
			sourceTree = "<group>";
		};
		40F4CE1F2C3CEBB0001557C7 /* App */ = {
			isa = PBXGroup;
			children = (
				40F4CE202C3CEBBC001557C7 /* Root */,
			);
			path = App;
			sourceTree = "<group>";
		};
		40F4CE202C3CEBBC001557C7 /* Root */ = {
			isa = PBXGroup;
			children = (
				40F4CE0A2C3CEAD4001557C7 /* AppDelegate.swift */,
				40F4CE0C2C3CEAD4001557C7 /* SceneDelegate.swift */,
			);
			path = Root;
			sourceTree = "<group>";
		};
		40F4CE212C3CEBD9001557C7 /* Interface */ = {
			isa = PBXGroup;
			children = (
				40F4CE232C3CEC07001557C7 /* Launch */,
				40F4CE222C3CEBF3001557C7 /* Assets */,
			);
			path = Interface;
			sourceTree = "<group>";
		};
		40F4CE222C3CEBF3001557C7 /* Assets */ = {
			isa = PBXGroup;
			children = (
				40F4CE132C3CEAD7001557C7 /* Assets.xcassets */,
			);
			path = Assets;
			sourceTree = "<group>";
		};
		40F4CE232C3CEC07001557C7 /* Launch */ = {
			isa = PBXGroup;
			children = (
				40F4CE102C3CEAD4001557C7 /* Main.storyboard */,
				40F4CE152C3CEAD7001557C7 /* LaunchScreen.storyboard */,
			);
			path = Launch;
			sourceTree = "<group>";
		};
		40F4CE242C3CEC35001557C7 /* Controllers */ = {
			isa = PBXGroup;
			children = (
				40F4CE3F2C47A2D0001557C7 /* Base */,
				40F4CE2A2C3F0599001557C7 /* PillsViewController.swift */,
				40F4CE3D2C47A0E1001557C7 /* AddViewController.swift */,
			);
			path = Controllers;
			sourceTree = "<group>";
		};
		40F4CE262C3CEC54001557C7 /* Views */ = {
			isa = PBXGroup;
			children = (
				40F4CE322C3F09E9001557C7 /* Base */,
				40F4CE302C3F09D0001557C7 /* Cells */,
			);
			path = Views;
			sourceTree = "<group>";
		};
		40F4CE272C3CECAB001557C7 /* Network */ = {
			isa = PBXGroup;
			children = (
				40F4CE292C3CECD2001557C7 /* Providers */,
				40F4CE282C3CECC8001557C7 /* Models */,
			);
			path = Network;
			sourceTree = "<group>";
		};
		40F4CE282C3CECC8001557C7 /* Models */ = {
			isa = PBXGroup;
			children = (
				40F4CE2E2C3F0621001557C7 /* Pill.swift */,
			);
			path = Models;
			sourceTree = "<group>";
		};
		40F4CE292C3CECD2001557C7 /* Providers */ = {
			isa = PBXGroup;
			children = (
				40F4CE2C2C3F0616001557C7 /* PillsProvider.swift */,
				40F4CE372C45D7FF001557C7 /* Provider.swift */,
			);
			path = Providers;
			sourceTree = "<group>";
		};
		40F4CE302C3F09D0001557C7 /* Cells */ = {
			isa = PBXGroup;
			children = (
				40F4CE312C3F09DB001557C7 /* Collection */,
			);
			path = Cells;
			sourceTree = "<group>";
		};
		40F4CE312C3F09DB001557C7 /* Collection */ = {
			isa = PBXGroup;
			children = (
				40F4CE332C3F0A00001557C7 /* PillsGrid.swift */,
			);
			path = Collection;
			sourceTree = "<group>";
		};
		40F4CE322C3F09E9001557C7 /* Base */ = {
			isa = PBXGroup;
			children = (
				40F4CE352C3F0A2E001557C7 /* Grid.swift */,
			);
			path = Base;
			sourceTree = "<group>";
		};
		40F4CE392C45F19C001557C7 /* Interface */ = {
			isa = PBXGroup;
			children = (
				40F4CE3A2C45F1C5001557C7 /* UIImageView+Extensions.swift */,
			);
			path = Interface;
			sourceTree = "<group>";
		};
		40F4CE3F2C47A2D0001557C7 /* Base */ = {
			isa = PBXGroup;
			children = (
				40F4CE0E2C3CEAD4001557C7 /* ViewController.swift */,
			);
			path = Base;
			sourceTree = "<group>";
		};
/* End PBXGroup section */

/* Begin PBXNativeTarget section */
		40F4CE062C3CEAD4001557C7 /* Moodl */ = {
			isa = PBXNativeTarget;
			buildConfigurationList = 40F4CE1B2C3CEAD7001557C7 /* Build configuration list for PBXNativeTarget "Moodl" */;
			buildPhases = (
				40F4CE032C3CEAD4001557C7 /* Sources */,
				40F4CE042C3CEAD4001557C7 /* Frameworks */,
				40F4CE052C3CEAD4001557C7 /* Resources */,
			);
			buildRules = (
			);
			dependencies = (
			);
			name = Moodl;
			productName = Moodl;
			productReference = 40F4CE072C3CEAD4001557C7 /* Moodl.app */;
			productType = "com.apple.product-type.application";
		};
/* End PBXNativeTarget section */

/* Begin PBXProject section */
		40F4CDFF2C3CEAD4001557C7 /* Project object */ = {
			isa = PBXProject;
			attributes = {
				BuildIndependentTargetsInParallel = 1;
				LastSwiftUpdateCheck = 1540;
				LastUpgradeCheck = 1540;
				TargetAttributes = {
					40F4CE062C3CEAD4001557C7 = {
						CreatedOnToolsVersion = 15.4;
					};
				};
			};
			buildConfigurationList = 40F4CE022C3CEAD4001557C7 /* Build configuration list for PBXProject "Moodl" */;
			compatibilityVersion = "Xcode 14.0";
			developmentRegion = en;
			hasScannedForEncodings = 0;
			knownRegions = (
				en,
				Base,
			);
			mainGroup = 40F4CDFE2C3CEAD4001557C7;
			productRefGroup = 40F4CE082C3CEAD4001557C7 /* Products */;
			projectDirPath = "";
			projectRoot = "";
			targets = (
				40F4CE062C3CEAD4001557C7 /* Moodl */,
			);
		};
/* End PBXProject section */

/* Begin PBXResourcesBuildPhase section */
		40F4CE052C3CEAD4001557C7 /* Resources */ = {
			isa = PBXResourcesBuildPhase;
			buildActionMask = 2147483647;
			files = (
				40F4CE142C3CEAD7001557C7 /* Assets.xcassets in Resources */,
				40F4CE172C3CEAD7001557C7 /* Base in Resources */,
				40F4CE122C3CEAD4001557C7 /* Base in Resources */,
			);
			runOnlyForDeploymentPostprocessing = 0;
		};
/* End PBXResourcesBuildPhase section */

/* Begin PBXSourcesBuildPhase section */
		40F4CE032C3CEAD4001557C7 /* Sources */ = {
			isa = PBXSourcesBuildPhase;
			buildActionMask = 2147483647;
			files = (
				40F4CE3B2C45F1C5001557C7 /* UIImageView+Extensions.swift in Sources */,
				40F4CE342C3F0A00001557C7 /* PillsGrid.swift in Sources */,
				40F4CE2F2C3F0621001557C7 /* Pill.swift in Sources */,
				40F4CE3E2C47A0E1001557C7 /* AddViewController.swift in Sources */,
				40F4CE0F2C3CEAD4001557C7 /* ViewController.swift in Sources */,
				40F4CE362C3F0A2E001557C7 /* Grid.swift in Sources */,
				40F4CE382C45D7FF001557C7 /* Provider.swift in Sources */,
				40F4CE2D2C3F0616001557C7 /* PillsProvider.swift in Sources */,
				40F4CE0B2C3CEAD4001557C7 /* AppDelegate.swift in Sources */,
				40F4CE0D2C3CEAD4001557C7 /* SceneDelegate.swift in Sources */,
				40F4CE2B2C3F0599001557C7 /* PillsViewController.swift in Sources */,
			);
			runOnlyForDeploymentPostprocessing = 0;
		};
/* End PBXSourcesBuildPhase section */

/* Begin PBXVariantGroup section */
		40F4CE102C3CEAD4001557C7 /* Main.storyboard */ = {
			isa = PBXVariantGroup;
			children = (
				40F4CE112C3CEAD4001557C7 /* Base */,
			);
			name = Main.storyboard;
			sourceTree = "<group>";
		};
		40F4CE152C3CEAD7001557C7 /* LaunchScreen.storyboard */ = {
			isa = PBXVariantGroup;
			children = (
				40F4CE162C3CEAD7001557C7 /* Base */,
			);
			name = LaunchScreen.storyboard;
			sourceTree = "<group>";
		};
/* End PBXVariantGroup section */

/* Begin XCBuildConfiguration section */
		40F4CE192C3CEAD7001557C7 /* Debug */ = {
			isa = XCBuildConfiguration;
			buildSettings = {
				ALWAYS_SEARCH_USER_PATHS = NO;
				ASSETCATALOG_COMPILER_GENERATE_SWIFT_ASSET_SYMBOL_EXTENSIONS = YES;
				CLANG_ANALYZER_NONNULL = YES;
				CLANG_ANALYZER_NUMBER_OBJECT_CONVERSION = YES_AGGRESSIVE;
				CLANG_CXX_LANGUAGE_STANDARD = "gnu++20";
				CLANG_ENABLE_MODULES = YES;
				CLANG_ENABLE_OBJC_ARC = YES;
				CLANG_ENABLE_OBJC_WEAK = YES;
				CLANG_WARN_BLOCK_CAPTURE_AUTORELEASING = YES;
				CLANG_WARN_BOOL_CONVERSION = YES;
				CLANG_WARN_COMMA = YES;
				CLANG_WARN_CONSTANT_CONVERSION = YES;
				CLANG_WARN_DEPRECATED_OBJC_IMPLEMENTATIONS = YES;
				CLANG_WARN_DIRECT_OBJC_ISA_USAGE = YES_ERROR;
				CLANG_WARN_DOCUMENTATION_COMMENTS = YES;
				CLANG_WARN_EMPTY_BODY = YES;
				CLANG_WARN_ENUM_CONVERSION = YES;
				CLANG_WARN_INFINITE_RECURSION = YES;
				CLANG_WARN_INT_CONVERSION = YES;
				CLANG_WARN_NON_LITERAL_NULL_CONVERSION = YES;
				CLANG_WARN_OBJC_IMPLICIT_RETAIN_SELF = YES;
				CLANG_WARN_OBJC_LITERAL_CONVERSION = YES;
				CLANG_WARN_OBJC_ROOT_CLASS = YES_ERROR;
				CLANG_WARN_QUOTED_INCLUDE_IN_FRAMEWORK_HEADER = YES;
				CLANG_WARN_RANGE_LOOP_ANALYSIS = YES;
				CLANG_WARN_STRICT_PROTOTYPES = YES;
				CLANG_WARN_SUSPICIOUS_MOVE = YES;
				CLANG_WARN_UNGUARDED_AVAILABILITY = YES_AGGRESSIVE;
				CLANG_WARN_UNREACHABLE_CODE = YES;
				CLANG_WARN__DUPLICATE_METHOD_MATCH = YES;
				COPY_PHASE_STRIP = NO;
				DEBUG_INFORMATION_FORMAT = dwarf;
				ENABLE_STRICT_OBJC_MSGSEND = YES;
				ENABLE_TESTABILITY = YES;
				ENABLE_USER_SCRIPT_SANDBOXING = YES;
				GCC_C_LANGUAGE_STANDARD = gnu17;
				GCC_DYNAMIC_NO_PIC = NO;
				GCC_NO_COMMON_BLOCKS = YES;
				GCC_OPTIMIZATION_LEVEL = 0;
				GCC_PREPROCESSOR_DEFINITIONS = (
					"DEBUG=1",
					"$(inherited)",
				);
				GCC_WARN_64_TO_32_BIT_CONVERSION = YES;
				GCC_WARN_ABOUT_RETURN_TYPE = YES_ERROR;
				GCC_WARN_UNDECLARED_SELECTOR = YES;
				GCC_WARN_UNINITIALIZED_AUTOS = YES_AGGRESSIVE;
				GCC_WARN_UNUSED_FUNCTION = YES;
				GCC_WARN_UNUSED_VARIABLE = YES;
				IPHONEOS_DEPLOYMENT_TARGET = 14.0;
				LOCALIZATION_PREFERS_STRING_CATALOGS = YES;
				MTL_ENABLE_DEBUG_INFO = INCLUDE_SOURCE;
				MTL_FAST_MATH = YES;
				ONLY_ACTIVE_ARCH = YES;
				SDKROOT = iphoneos;
				SWIFT_ACTIVE_COMPILATION_CONDITIONS = "DEBUG $(inherited)";
				SWIFT_OPTIMIZATION_LEVEL = "-Onone";
			};
			name = Debug;
		};
		40F4CE1A2C3CEAD7001557C7 /* Release */ = {
			isa = XCBuildConfiguration;
			buildSettings = {
				ALWAYS_SEARCH_USER_PATHS = NO;
				ASSETCATALOG_COMPILER_GENERATE_SWIFT_ASSET_SYMBOL_EXTENSIONS = YES;
				CLANG_ANALYZER_NONNULL = YES;
				CLANG_ANALYZER_NUMBER_OBJECT_CONVERSION = YES_AGGRESSIVE;
				CLANG_CXX_LANGUAGE_STANDARD = "gnu++20";
				CLANG_ENABLE_MODULES = YES;
				CLANG_ENABLE_OBJC_ARC = YES;
				CLANG_ENABLE_OBJC_WEAK = YES;
				CLANG_WARN_BLOCK_CAPTURE_AUTORELEASING = YES;
				CLANG_WARN_BOOL_CONVERSION = YES;
				CLANG_WARN_COMMA = YES;
				CLANG_WARN_CONSTANT_CONVERSION = YES;
				CLANG_WARN_DEPRECATED_OBJC_IMPLEMENTATIONS = YES;
				CLANG_WARN_DIRECT_OBJC_ISA_USAGE = YES_ERROR;
				CLANG_WARN_DOCUMENTATION_COMMENTS = YES;
				CLANG_WARN_EMPTY_BODY = YES;
				CLANG_WARN_ENUM_CONVERSION = YES;
				CLANG_WARN_INFINITE_RECURSION = YES;
				CLANG_WARN_INT_CONVERSION = YES;
				CLANG_WARN_NON_LITERAL_NULL_CONVERSION = YES;
				CLANG_WARN_OBJC_IMPLICIT_RETAIN_SELF = YES;
				CLANG_WARN_OBJC_LITERAL_CONVERSION = YES;
				CLANG_WARN_OBJC_ROOT_CLASS = YES_ERROR;
				CLANG_WARN_QUOTED_INCLUDE_IN_FRAMEWORK_HEADER = YES;
				CLANG_WARN_RANGE_LOOP_ANALYSIS = YES;
				CLANG_WARN_STRICT_PROTOTYPES = YES;
				CLANG_WARN_SUSPICIOUS_MOVE = YES;
				CLANG_WARN_UNGUARDED_AVAILABILITY = YES_AGGRESSIVE;
				CLANG_WARN_UNREACHABLE_CODE = YES;
				CLANG_WARN__DUPLICATE_METHOD_MATCH = YES;
				COPY_PHASE_STRIP = NO;
				DEBUG_INFORMATION_FORMAT = "dwarf-with-dsym";
				ENABLE_NS_ASSERTIONS = NO;
				ENABLE_STRICT_OBJC_MSGSEND = YES;
				ENABLE_USER_SCRIPT_SANDBOXING = YES;
				GCC_C_LANGUAGE_STANDARD = gnu17;
				GCC_NO_COMMON_BLOCKS = YES;
				GCC_WARN_64_TO_32_BIT_CONVERSION = YES;
				GCC_WARN_ABOUT_RETURN_TYPE = YES_ERROR;
				GCC_WARN_UNDECLARED_SELECTOR = YES;
				GCC_WARN_UNINITIALIZED_AUTOS = YES_AGGRESSIVE;
				GCC_WARN_UNUSED_FUNCTION = YES;
				GCC_WARN_UNUSED_VARIABLE = YES;
				IPHONEOS_DEPLOYMENT_TARGET = 14.0;
				LOCALIZATION_PREFERS_STRING_CATALOGS = YES;
				MTL_ENABLE_DEBUG_INFO = NO;
				MTL_FAST_MATH = YES;
				SDKROOT = iphoneos;
				SWIFT_COMPILATION_MODE = wholemodule;
				VALIDATE_PRODUCT = YES;
			};
			name = Release;
		};
		40F4CE1C2C3CEAD7001557C7 /* Debug */ = {
			isa = XCBuildConfiguration;
			buildSettings = {
				ASSETCATALOG_COMPILER_APPICON_NAME = AppIcon;
				ASSETCATALOG_COMPILER_GLOBAL_ACCENT_COLOR_NAME = AccentColor;
				CODE_SIGN_STYLE = Automatic;
				CURRENT_PROJECT_VERSION = 1;
				DEVELOPMENT_TEAM = 86GJ67H28Q;
				GENERATE_INFOPLIST_FILE = YES;
				INFOPLIST_FILE = Moodl/Info.plist;
				INFOPLIST_KEY_UIApplicationSupportsIndirectInputEvents = YES;
				INFOPLIST_KEY_UILaunchStoryboardName = LaunchScreen;
				INFOPLIST_KEY_UISupportedInterfaceOrientations_iPad = "UIInterfaceOrientationPortrait UIInterfaceOrientationPortraitUpsideDown UIInterfaceOrientationLandscapeLeft UIInterfaceOrientationLandscapeRight";
				INFOPLIST_KEY_UISupportedInterfaceOrientations_iPhone = "UIInterfaceOrientationPortrait UIInterfaceOrientationLandscapeLeft UIInterfaceOrientationLandscapeRight";
				LD_RUNPATH_SEARCH_PATHS = (
					"$(inherited)",
					"@executable_path/Frameworks",
				);
				MARKETING_VERSION = 1.0;
				PRODUCT_BUNDLE_IDENTIFIER = xanew.Moodl;
				PRODUCT_NAME = "$(TARGET_NAME)";
				SWIFT_EMIT_LOC_STRINGS = YES;
				SWIFT_VERSION = 5.0;
				TARGETED_DEVICE_FAMILY = "1,2";
			};
			name = Debug;
		};
		40F4CE1D2C3CEAD7001557C7 /* Release */ = {
			isa = XCBuildConfiguration;
			buildSettings = {
				ASSETCATALOG_COMPILER_APPICON_NAME = AppIcon;
				ASSETCATALOG_COMPILER_GLOBAL_ACCENT_COLOR_NAME = AccentColor;
				CODE_SIGN_STYLE = Automatic;
				CURRENT_PROJECT_VERSION = 1;
				DEVELOPMENT_TEAM = 86GJ67H28Q;
				GENERATE_INFOPLIST_FILE = YES;
				INFOPLIST_FILE = Moodl/Info.plist;
				INFOPLIST_KEY_UIApplicationSupportsIndirectInputEvents = YES;
				INFOPLIST_KEY_UILaunchStoryboardName = LaunchScreen;
				INFOPLIST_KEY_UISupportedInterfaceOrientations_iPad = "UIInterfaceOrientationPortrait UIInterfaceOrientationPortraitUpsideDown UIInterfaceOrientationLandscapeLeft UIInterfaceOrientationLandscapeRight";
				INFOPLIST_KEY_UISupportedInterfaceOrientations_iPhone = "UIInterfaceOrientationPortrait UIInterfaceOrientationLandscapeLeft UIInterfaceOrientationLandscapeRight";
				LD_RUNPATH_SEARCH_PATHS = (
					"$(inherited)",
					"@executable_path/Frameworks",
				);
				MARKETING_VERSION = 1.0;
				PRODUCT_BUNDLE_IDENTIFIER = xanew.Moodl;
				PRODUCT_NAME = "$(TARGET_NAME)";
				SWIFT_EMIT_LOC_STRINGS = YES;
				SWIFT_VERSION = 5.0;
				TARGETED_DEVICE_FAMILY = "1,2";
			};
			name = Release;
		};
/* End XCBuildConfiguration section */

/* Begin XCConfigurationList section */
		40F4CE022C3CEAD4001557C7 /* Build configuration list for PBXProject "Moodl" */ = {
			isa = XCConfigurationList;
			buildConfigurations = (
				40F4CE192C3CEAD7001557C7 /* Debug */,
				40F4CE1A2C3CEAD7001557C7 /* Release */,
			);
			defaultConfigurationIsVisible = 0;
			defaultConfigurationName = Release;
		};
		40F4CE1B2C3CEAD7001557C7 /* Build configuration list for PBXNativeTarget "Moodl" */ = {
			isa = XCConfigurationList;
			buildConfigurations = (
				40F4CE1C2C3CEAD7001557C7 /* Debug */,
				40F4CE1D2C3CEAD7001557C7 /* Release */,
			);
			defaultConfigurationIsVisible = 0;
			defaultConfigurationName = Release;
		};
/* End XCConfigurationList section */
	};
	rootObject = 40F4CDFF2C3CEAD4001557C7 /* Project object */;
}
